
Microsoft Visual Studio Solution File, Format Version 12.00
# Visual Studio Version 17
VisualStudioVersion = 17.2.32526.322
MinimumVisualStudioVersion = 10.0.40219.1
Project("{9A19103F-16F7-4668-BE54-9A1E7A4F7556}") = "RESTService", "RESTService\RESTService.csproj", "{4EB5281D-62CA-491B-87AB-A0854399F111}"
EndProject
Project("{FAE04EC0-301F-11D3-BF4B-00C04F79EFBC}") = "AppConsole", "AppConsole\AppConsole.csproj", "{F70A1B9D-26B6-42F7-B8AA-DB7A5B36287E}"
EndProject
Global
	GlobalSection(SolutionConfigurationPlatforms) = preSolution
		Debug|Any CPU = Debug|Any CPU
		Release|Any CPU = Release|Any CPU
	EndGlobalSection
	GlobalSection(ProjectConfigurationPlatforms) = postSolution
		{4EB5281D-62CA-491B-87AB-A0854399F111}.Debug|Any CPU.ActiveCfg = Debug|Any CPU
		{4EB5281D-62CA-491B-87AB-A0854399F111}.Debug|Any CPU.Build.0 = Debug|Any CPU
		{4EB5281D-62CA-491B-87AB-A0854399F111}.Release|Any CPU.ActiveCfg = Release|Any CPU
		{4EB5281D-62CA-491B-87AB-A0854399F111}.Release|Any CPU.Build.0 = Release|Any CPU
		{F70A1B9D-26B6-42F7-B8AA-DB7A5B36287E}.Debug|Any CPU.ActiveCfg = Debug|Any CPU
		{F70A1B9D-26B6-42F7-B8AA-DB7A5B36287E}.Debug|Any CPU.Build.0 = Debug|Any CPU
		{F70A1B9D-26B6-42F7-B8AA-DB7A5B36287E}.Release|Any CPU.ActiveCfg = Release|Any CPU
		{F70A1B9D-26B6-42F7-B8AA-DB7A5B36287E}.Release|Any CPU.Build.0 = Release|Any CPU
	EndGlobalSection
	GlobalSection(SolutionProperties) = preSolution
		HideSolutionNode = FALSE
	EndGlobalSection
	GlobalSection(ExtensibilityGlobals) = postSolution
		SolutionGuid = {6A26D3C3-BE2B-4B0D-96E3-A7DF0B234C7E}
	EndGlobalSection
EndGlobal
